{
  "requires": true,
  "lockfileVersion": 1,
  "dependencies": {
    "react-use-cookie": {
      "version": "1.4.0",
      "resolved": "https://registry.npmjs.org/react-use-cookie/-/react-use-cookie-1.4.0.tgz",
      "integrity": "sha512-e21YFkimh8OX6Ctqq89YeeiwsIL1jr2GyCeBdkBKDWY5X5o2yonbQuqfFODK4opteJS3F7ya0OuYg06lOeqvJQ=="
    }
  }
}
